
Microsoft Visual Studio Solution File, Format Version 12.00
# Visual Studio Version 17
VisualStudioVersion = 17.5.33627.172
MinimumVisualStudioVersion = 10.0.40219.1
Project("{FAE04EC0-301F-11D3-BF4B-00C04F79EFBC}") = "AplicacionDemo1-5022358.Android", "AplicacionDemo1-5022358\AplicacionDemo1-5022358.Android\AplicacionDemo1-5022358.Android.csproj", "{D65473FC-3BBA-4F55-9774-4F22D920CE7C}"
EndProject
Project("{FAE04EC0-301F-11D3-BF4B-00C04F79EFBC}") = "AplicacionDemo1-5022358.iOS", "AplicacionDemo1-5022358\AplicacionDemo1-5022358.iOS\AplicacionDemo1-5022358.iOS.csproj", "{2A640F03-E917-442D-9D99-314FD0BD9A22}"
EndProject
Project("{FAE04EC0-301F-11D3-BF4B-00C04F79EFBC}") = "AplicacionDemo1-5022358", "AplicacionDemo1-5022358\AplicacionDemo1-5022358\AplicacionDemo1-5022358.csproj", "{A7012A2D-6FFF-4B10-A77D-D75E9D064C34}"
EndProject
Global
	GlobalSection(SolutionConfigurationPlatforms) = preSolution
		Debug|Any CPU = Debug|Any CPU
		Debug|iPhone = Debug|iPhone
		Debug|iPhoneSimulator = Debug|iPhoneSimulator
		Release|Any CPU = Release|Any CPU
		Release|iPhone = Release|iPhone
		Release|iPhoneSimulator = Release|iPhoneSimulator
	EndGlobalSection
	GlobalSection(ProjectConfigurationPlatforms) = postSolution
		{D65473FC-3BBA-4F55-9774-4F22D920CE7C}.Debug|Any CPU.ActiveCfg = Debug|Any CPU
		{D65473FC-3BBA-4F55-9774-4F22D920CE7C}.Debug|Any CPU.Build.0 = Debug|Any CPU
		{D65473FC-3BBA-4F55-9774-4F22D920CE7C}.Debug|Any CPU.Deploy.0 = Debug|Any CPU
		{D65473FC-3BBA-4F55-9774-4F22D920CE7C}.Debug|iPhone.ActiveCfg = Debug|Any CPU
		{D65473FC-3BBA-4F55-9774-4F22D920CE7C}.Debug|iPhone.Build.0 = Debug|Any CPU
		{D65473FC-3BBA-4F55-9774-4F22D920CE7C}.Debug|iPhone.Deploy.0 = Debug|Any CPU
		{D65473FC-3BBA-4F55-9774-4F22D920CE7C}.Debug|iPhoneSimulator.ActiveCfg = Debug|Any CPU
		{D65473FC-3BBA-4F55-9774-4F22D920CE7C}.Debug|iPhoneSimulator.Build.0 = Debug|Any CPU
		{D65473FC-3BBA-4F55-9774-4F22D920CE7C}.Debug|iPhoneSimulator.Deploy.0 = Debug|Any CPU
		{D65473FC-3BBA-4F55-9774-4F22D920CE7C}.Release|Any CPU.ActiveCfg = Release|Any CPU
		{D65473FC-3BBA-4F55-9774-4F22D920CE7C}.Release|Any CPU.Build.0 = Release|Any CPU
		{D65473FC-3BBA-4F55-9774-4F22D920CE7C}.Release|Any CPU.Deploy.0 = Release|Any CPU
		{D65473FC-3BBA-4F55-9774-4F22D920CE7C}.Release|iPhone.ActiveCfg = Release|Any CPU
		{D65473FC-3BBA-4F55-9774-4F22D920CE7C}.Release|iPhone.Build.0 = Release|Any CPU
		{D65473FC-3BBA-4F55-9774-4F22D920CE7C}.Release|iPhone.Deploy.0 = Release|Any CPU
		{D65473FC-3BBA-4F55-9774-4F22D920CE7C}.Release|iPhoneSimulator.ActiveCfg = Release|Any CPU
		{D65473FC-3BBA-4F55-9774-4F22D920CE7C}.Release|iPhoneSimulator.Build.0 = Release|Any CPU
		{D65473FC-3BBA-4F55-9774-4F22D920CE7C}.Release|iPhoneSimulator.Deploy.0 = Release|Any CPU
		{2A640F03-E917-442D-9D99-314FD0BD9A22}.Debug|Any CPU.ActiveCfg = Debug|iPhone
		{2A640F03-E917-442D-9D99-314FD0BD9A22}.Debug|Any CPU.Build.0 = Debug|iPhone
		{2A640F03-E917-442D-9D99-314FD0BD9A22}.Debug|Any CPU.Deploy.0 = Debug|iPhone
		{2A640F03-E917-442D-9D99-314FD0BD9A22}.Debug|iPhone.ActiveCfg = Debug|iPhone
		{2A640F03-E917-442D-9D99-314FD0BD9A22}.Debug|iPhone.Build.0 = Debug|iPhone
		{2A640F03-E917-442D-9D99-314FD0BD9A22}.Debug|iPhone.Deploy.0 = Debug|iPhone
		{2A640F03-E917-442D-9D99-314FD0BD9A22}.Debug|iPhoneSimulator.ActiveCfg = Debug|iPhoneSimulator
		{2A640F03-E917-442D-9D99-314FD0BD9A22}.Debug|iPhoneSimulator.Build.0 = Debug|iPhoneSimulator
		{2A640F03-E917-442D-9D99-314FD0BD9A22}.Debug|iPhoneSimulator.Deploy.0 = Debug|iPhoneSimulator
		{2A640F03-E917-442D-9D99-314FD0BD9A22}.Release|Any CPU.ActiveCfg = Release|iPhoneSimulator
		{2A640F03-E917-442D-9D99-314FD0BD9A22}.Release|Any CPU.Build.0 = Release|iPhoneSimulator
		{2A640F03-E917-442D-9D99-314FD0BD9A22}.Release|Any CPU.Deploy.0 = Release|iPhoneSimulator
		{2A640F03-E917-442D-9D99-314FD0BD9A22}.Release|iPhone.ActiveCfg = Release|iPhone
		{2A640F03-E917-442D-9D99-314FD0BD9A22}.Release|iPhone.Build.0 = Release|iPhone
		{2A640F03-E917-442D-9D99-314FD0BD9A22}.Release|iPhone.Deploy.0 = Release|iPhone
		{2A640F03-E917-442D-9D99-314FD0BD9A22}.Release|iPhoneSimulator.ActiveCfg = Release|iPhoneSimulator
		{2A640F03-E917-442D-9D99-314FD0BD9A22}.Release|iPhoneSimulator.Build.0 = Release|iPhoneSimulator
		{2A640F03-E917-442D-9D99-314FD0BD9A22}.Release|iPhoneSimulator.Deploy.0 = Release|iPhoneSimulator
		{A7012A2D-6FFF-4B10-A77D-D75E9D064C34}.Debug|Any CPU.ActiveCfg = Debug|Any CPU
		{A7012A2D-6FFF-4B10-A77D-D75E9D064C34}.Debug|Any CPU.Build.0 = Debug|Any CPU
		{A7012A2D-6FFF-4B10-A77D-D75E9D064C34}.Debug|Any CPU.Deploy.0 = Debug|Any CPU
		{A7012A2D-6FFF-4B10-A77D-D75E9D064C34}.Debug|iPhone.ActiveCfg = Debug|Any CPU
		{A7012A2D-6FFF-4B10-A77D-D75E9D064C34}.Debug|iPhone.Build.0 = Debug|Any CPU
		{A7012A2D-6FFF-4B10-A77D-D75E9D064C34}.Debug|iPhone.Deploy.0 = Debug|Any CPU
		{A7012A2D-6FFF-4B10-A77D-D75E9D064C34}.Debug|iPhoneSimulator.ActiveCfg = Debug|Any CPU
		{A7012A2D-6FFF-4B10-A77D-D75E9D064C34}.Debug|iPhoneSimulator.Build.0 = Debug|Any CPU
		{A7012A2D-6FFF-4B10-A77D-D75E9D064C34}.Debug|iPhoneSimulator.Deploy.0 = Debug|Any CPU
		{A7012A2D-6FFF-4B10-A77D-D75E9D064C34}.Release|Any CPU.ActiveCfg = Release|Any CPU
		{A7012A2D-6FFF-4B10-A77D-D75E9D064C34}.Release|Any CPU.Build.0 = Release|Any CPU
		{A7012A2D-6FFF-4B10-A77D-D75E9D064C34}.Release|Any CPU.Deploy.0 = Release|Any CPU
		{A7012A2D-6FFF-4B10-A77D-D75E9D064C34}.Release|iPhone.ActiveCfg = Release|Any CPU
		{A7012A2D-6FFF-4B10-A77D-D75E9D064C34}.Release|iPhone.Build.0 = Release|Any CPU
		{A7012A2D-6FFF-4B10-A77D-D75E9D064C34}.Release|iPhone.Deploy.0 = Release|Any CPU
		{A7012A2D-6FFF-4B10-A77D-D75E9D064C34}.Release|iPhoneSimulator.ActiveCfg = Release|Any CPU
		{A7012A2D-6FFF-4B10-A77D-D75E9D064C34}.Release|iPhoneSimulator.Build.0 = Release|Any CPU
		{A7012A2D-6FFF-4B10-A77D-D75E9D064C34}.Release|iPhoneSimulator.Deploy.0 = Release|Any CPU
	EndGlobalSection
	GlobalSection(SolutionProperties) = preSolution
		HideSolutionNode = FALSE
	EndGlobalSection
	GlobalSection(ExtensibilityGlobals) = postSolution
		SolutionGuid = {81284362-C8B3-4E0A-8DED-3A20C44EB78D}
	EndGlobalSection
EndGlobal
